// !$*UTF8*$!
{
	archiveVersion = 1;
	classes = {
	};
	objectVersion = 46;
	objects = {

/* Begin PBXBuildFile section */
		DA2321131679CE66000C9D5B /* raise-mutt.scpt in Resources */ = {isa = PBXBuildFile; fileRef = DA2321121679CE65000C9D5B /* raise-mutt.scpt */; };
		DA3BF45015E2E24100FA7EA8 /* DNShell.m in Sources */ = {isa = PBXBuildFile; fileRef = DA3BF44F15E2E24100FA7EA8 /* DNShell.m */; };
		DA9A36B115E151AB00F6C608 /* Cocoa.framework in Frameworks */ = {isa = PBXBuildFile; fileRef = DA9A36B015E151AB00F6C608 /* Cocoa.framework */; };
		DA9A36BB15E151AB00F6C608 /* InfoPlist.strings in Resources */ = {isa = PBXBuildFile; fileRef = DA9A36B915E151AB00F6C608 /* InfoPlist.strings */; };
		DA9A36BD15E151AB00F6C608 /* main.m in Sources */ = {isa = PBXBuildFile; fileRef = DA9A36BC15E151AB00F6C608 /* main.m */; };
		DA9A36C415E151AB00F6C608 /* DNAppDelegate.m in Sources */ = {isa = PBXBuildFile; fileRef = DA9A36C315E151AB00F6C608 /* DNAppDelegate.m */; };
		DA9A36C715E151AB00F6C608 /* MainMenu.xib in Resources */ = {isa = PBXBuildFile; fileRef = DA9A36C515E151AB00F6C608 /* MainMenu.xib */; };
/* End PBXBuildFile section */

/* Begin PBXFileReference section */
		DA2321121679CE65000C9D5B /* raise-mutt.scpt */ = {isa = PBXFileReference; lastKnownFileType = file; path = "raise-mutt.scpt"; sourceTree = "<group>"; };
		DA3BF44E15E2E24100FA7EA8 /* DNShell.h */ = {isa = PBXFileReference; fileEncoding = 4; lastKnownFileType = sourcecode.c.h; path = DNShell.h; sourceTree = "<group>"; };
		DA3BF44F15E2E24100FA7EA8 /* DNShell.m */ = {isa = PBXFileReference; fileEncoding = 4; lastKnownFileType = sourcecode.c.objc; path = DNShell.m; sourceTree = "<group>"; };
		DA9A36AC15E151AB00F6C608 /* MailCount.app */ = {isa = PBXFileReference; explicitFileType = wrapper.application; includeInIndex = 0; path = MailCount.app; sourceTree = BUILT_PRODUCTS_DIR; };
		DA9A36B015E151AB00F6C608 /* Cocoa.framework */ = {isa = PBXFileReference; lastKnownFileType = wrapper.framework; name = Cocoa.framework; path = System/Library/Frameworks/Cocoa.framework; sourceTree = SDKROOT; };
		DA9A36B315E151AB00F6C608 /* AppKit.framework */ = {isa = PBXFileReference; lastKnownFileType = wrapper.framework; name = AppKit.framework; path = System/Library/Frameworks/AppKit.framework; sourceTree = SDKROOT; };
		DA9A36B415E151AB00F6C608 /* CoreData.framework */ = {isa = PBXFileReference; lastKnownFileType = wrapper.framework; name = CoreData.framework; path = System/Library/Frameworks/CoreData.framework; sourceTree = SDKROOT; };
		DA9A36B515E151AB00F6C608 /* Foundation.framework */ = {isa = PBXFileReference; lastKnownFileType = wrapper.framework; name = Foundation.framework; path = System/Library/Frameworks/Foundation.framework; sourceTree = SDKROOT; };
		DA9A36B815E151AB00F6C608 /* MailCount-Info.plist */ = {isa = PBXFileReference; lastKnownFileType = text.plist.xml; path = "MailCount-Info.plist"; sourceTree = "<group>"; };
		DA9A36BA15E151AB00F6C608 /* en */ = {isa = PBXFileReference; lastKnownFileType = text.plist.strings; name = en; path = en.lproj/InfoPlist.strings; sourceTree = "<group>"; };
		DA9A36BC15E151AB00F6C608 /* main.m */ = {isa = PBXFileReference; lastKnownFileType = sourcecode.c.objc; path = main.m; sourceTree = "<group>"; };
		DA9A36BE15E151AB00F6C608 /* MailCount-Prefix.pch */ = {isa = PBXFileReference; lastKnownFileType = sourcecode.c.h; path = "MailCount-Prefix.pch"; sourceTree = "<group>"; };
		DA9A36C215E151AB00F6C608 /* DNAppDelegate.h */ = {isa = PBXFileReference; lastKnownFileType = sourcecode.c.h; path = DNAppDelegate.h; sourceTree = "<group>"; };
		DA9A36C315E151AB00F6C608 /* DNAppDelegate.m */ = {isa = PBXFileReference; lastKnownFileType = sourcecode.c.objc; path = DNAppDelegate.m; sourceTree = "<group>"; };
		DA9A36C615E151AB00F6C608 /* en */ = {isa = PBXFileReference; lastKnownFileType = file.xib; name = en; path = en.lproj/MainMenu.xib; sourceTree = "<group>"; };
		DA9A36CE15E151AB00F6C608 /* SenTestingKit.framework */ = {isa = PBXFileReference; lastKnownFileType = wrapper.framework; name = SenTestingKit.framework; path = Library/Frameworks/SenTestingKit.framework; sourceTree = DEVELOPER_DIR; };
/* End PBXFileReference section */

/* Begin PBXFrameworksBuildPhase section */
		DA9A36A915E151AB00F6C608 /* Frameworks */ = {
			isa = PBXFrameworksBuildPhase;
			buildActionMask = 2147483647;
			files = (
				DA9A36B115E151AB00F6C608 /* Cocoa.framework in Frameworks */,
			);
			runOnlyForDeploymentPostprocessing = 0;
		};
/* End PBXFrameworksBuildPhase section */

/* Begin PBXGroup section */
		DA9A36A115E151AB00F6C608 = {
			isa = PBXGroup;
			children = (
				DA9A36B615E151AB00F6C608 /* MailCount */,
				DA9A36AF15E151AB00F6C608 /* Frameworks */,
				DA9A36AD15E151AB00F6C608 /* Products */,
			);
			sourceTree = "<group>";
		};
		DA9A36AD15E151AB00F6C608 /* Products */ = {
			isa = PBXGroup;
			children = (
				DA9A36AC15E151AB00F6C608 /* MailCount.app */,
			);
			name = Products;
			sourceTree = "<group>";
		};
		DA9A36AF15E151AB00F6C608 /* Frameworks */ = {
			isa = PBXGroup;
			children = (
				DA9A36B015E151AB00F6C608 /* Cocoa.framework */,
				DA9A36CE15E151AB00F6C608 /* SenTestingKit.framework */,
				DA9A36B215E151AB00F6C608 /* Other Frameworks */,
			);
			name = Frameworks;
			sourceTree = "<group>";
		};
		DA9A36B215E151AB00F6C608 /* Other Frameworks */ = {
			isa = PBXGroup;
			children = (
				DA9A36B315E151AB00F6C608 /* AppKit.framework */,
				DA9A36B415E151AB00F6C608 /* CoreData.framework */,
				DA9A36B515E151AB00F6C608 /* Foundation.framework */,
			);
			name = "Other Frameworks";
			sourceTree = "<group>";
		};
		DA9A36B615E151AB00F6C608 /* MailCount */ = {
			isa = PBXGroup;
			children = (
				DA9A36C215E151AB00F6C608 /* DNAppDelegate.h */,
				DA9A36C315E151AB00F6C608 /* DNAppDelegate.m */,
				DA9A36C515E151AB00F6C608 /* MainMenu.xib */,
				DA9A36B715E151AB00F6C608 /* Supporting Files */,
				DA3BF44E15E2E24100FA7EA8 /* DNShell.h */,
				DA3BF44F15E2E24100FA7EA8 /* DNShell.m */,
			);
			path = MailCount;
			sourceTree = "<group>";
		};
		DA9A36B715E151AB00F6C608 /* Supporting Files */ = {
			isa = PBXGroup;
			children = (
				DA2321121679CE65000C9D5B /* raise-mutt.scpt */,
				DA9A36B815E151AB00F6C608 /* MailCount-Info.plist */,
				DA9A36B915E151AB00F6C608 /* InfoPlist.strings */,
				DA9A36BC15E151AB00F6C608 /* main.m */,
				DA9A36BE15E151AB00F6C608 /* MailCount-Prefix.pch */,
			);
			name = "Supporting Files";
			sourceTree = "<group>";
		};
/* End PBXGroup section */

/* Begin PBXNativeTarget section */
		DA9A36AB15E151AB00F6C608 /* MailCount */ = {
			isa = PBXNativeTarget;
			buildConfigurationList = DA9A36DE15E151AB00F6C608 /* Build configuration list for PBXNativeTarget "MailCount" */;
			buildPhases = (
				DA9A36A815E151AB00F6C608 /* Sources */,
				DA9A36A915E151AB00F6C608 /* Frameworks */,
				DA9A36AA15E151AB00F6C608 /* Resources */,
			);
			buildRules = (
			);
			dependencies = (
			);
			name = MailCount;
			productName = MailCount;
			productReference = DA9A36AC15E151AB00F6C608 /* MailCount.app */;
			productType = "com.apple.product-type.application";
		};
/* End PBXNativeTarget section */

/* Begin PBXProject section */
		DA9A36A315E151AB00F6C608 /* Project object */ = {
			isa = PBXProject;
			attributes = {
				CLASSPREFIX = DN;
				LastUpgradeCheck = 0430;
			};
			buildConfigurationList = DA9A36A615E151AB00F6C608 /* Build configuration list for PBXProject "MailCount" */;
			compatibilityVersion = "Xcode 3.2";
			developmentRegion = English;
			hasScannedForEncodings = 0;
			knownRegions = (
				en,
			);
			mainGroup = DA9A36A115E151AB00F6C608;
			productRefGroup = DA9A36AD15E151AB00F6C608 /* Products */;
			projectDirPath = "";
			projectRoot = "";
			targets = (
				DA9A36AB15E151AB00F6C608 /* MailCount */,
			);
		};
/* End PBXProject section */

/* Begin PBXResourcesBuildPhase section */
		DA9A36AA15E151AB00F6C608 /* Resources */ = {
			isa = PBXResourcesBuildPhase;
			buildActionMask = 2147483647;
			files = (
				DA9A36BB15E151AB00F6C608 /* InfoPlist.strings in Resources */,
				DA9A36C715E151AB00F6C608 /* MainMenu.xib in Resources */,
				DA2321131679CE66000C9D5B /* raise-mutt.scpt in Resources */,
			);
			runOnlyForDeploymentPostprocessing = 0;
		};
/* End PBXResourcesBuildPhase section */

/* Begin PBXSourcesBuildPhase section */
		DA9A36A815E151AB00F6C608 /* Sources */ = {
			isa = PBXSourcesBuildPhase;
			buildActionMask = 2147483647;
			files = (
				DA9A36BD15E151AB00F6C608 /* main.m in Sources */,
				DA9A36C415E151AB00F6C608 /* DNAppDelegate.m in Sources */,
				DA3BF45015E2E24100FA7EA8 /* DNShell.m in Sources */,
			);
			runOnlyForDeploymentPostprocessing = 0;
		};
/* End PBXSourcesBuildPhase section */

/* Begin PBXVariantGroup section */
		DA9A36B915E151AB00F6C608 /* InfoPlist.strings */ = {
			isa = PBXVariantGroup;
			children = (
				DA9A36BA15E151AB00F6C608 /* en */,
			);
			name = InfoPlist.strings;
			sourceTree = "<group>";
		};
		DA9A36C515E151AB00F6C608 /* MainMenu.xib */ = {
			isa = PBXVariantGroup;
			children = (
				DA9A36C615E151AB00F6C608 /* en */,
			);
			name = MainMenu.xib;
			sourceTree = "<group>";
		};
/* End PBXVariantGroup section */

/* Begin XCBuildConfiguration section */
		DA9A36DC15E151AB00F6C608 /* Debug */ = {
			isa = XCBuildConfiguration;
			buildSettings = {
				ALWAYS_SEARCH_USER_PATHS = NO;
				ARCHS = "$(ARCHS_STANDARD_64_BIT)";
				CLANG_ENABLE_OBJC_ARC = YES;
				COPY_PHASE_STRIP = NO;
				GCC_C_LANGUAGE_STANDARD = gnu99;
				GCC_DYNAMIC_NO_PIC = NO;
				GCC_ENABLE_OBJC_EXCEPTIONS = YES;
				GCC_OPTIMIZATION_LEVEL = 0;
				GCC_PREPROCESSOR_DEFINITIONS = (
					"DEBUG=1",
					"$(inherited)",
				);
				GCC_SYMBOLS_PRIVATE_EXTERN = NO;
				GCC_VERSION = com.apple.compilers.llvm.clang.1_0;
				GCC_WARN_64_TO_32_BIT_CONVERSION = YES;
				GCC_WARN_ABOUT_RETURN_TYPE = YES;
				GCC_WARN_UNINITIALIZED_AUTOS = YES;
				GCC_WARN_UNUSED_VARIABLE = YES;
				MACOSX_DEPLOYMENT_TARGET = 10.7;
				ONLY_ACTIVE_ARCH = YES;
				SDKROOT = macosx;
			};
			name = Debug;
		};
		DA9A36DD15E151AB00F6C608 /* Release */ = {
			isa = XCBuildConfiguration;
			buildSettings = {
				ALWAYS_SEARCH_USER_PATHS = NO;
				ARCHS = "$(ARCHS_STANDARD_64_BIT)";
				CLANG_ENABLE_OBJC_ARC = YES;
				COPY_PHASE_STRIP = YES;
				DEBUG_INFORMATION_FORMAT = "dwarf-with-dsym";
				GCC_C_LANGUAGE_STANDARD = gnu99;
				GCC_ENABLE_OBJC_EXCEPTIONS = YES;
				GCC_VERSION = com.apple.compilers.llvm.clang.1_0;
				GCC_WARN_64_TO_32_BIT_CONVERSION = YES;
				GCC_WARN_ABOUT_RETURN_TYPE = YES;
				GCC_WARN_UNINITIALIZED_AUTOS = YES;
				GCC_WARN_UNUSED_VARIABLE = YES;
				MACOSX_DEPLOYMENT_TARGET = 10.7;
				SDKROOT = macosx;
			};
			name = Release;
		};
		DA9A36DF15E151AB00F6C608 /* Debug */ = {
			isa = XCBuildConfiguration;
			buildSettings = {
				GCC_PRECOMPILE_PREFIX_HEADER = YES;
				GCC_PREFIX_HEADER = "MailCount/MailCount-Prefix.pch";
				INFOPLIST_FILE = "MailCount/MailCount-Info.plist";
				PRODUCT_NAME = "$(TARGET_NAME)";
				WRAPPER_EXTENSION = app;
			};
			name = Debug;
		};
		DA9A36E015E151AB00F6C608 /* Release */ = {
			isa = XCBuildConfiguration;
			buildSettings = {
				GCC_PRECOMPILE_PREFIX_HEADER = YES;
				GCC_PREFIX_HEADER = "MailCount/MailCount-Prefix.pch";
				INFOPLIST_FILE = "MailCount/MailCount-Info.plist";
				PRODUCT_NAME = "$(TARGET_NAME)";
				WRAPPER_EXTENSION = app;
			};
			name = Release;
		};
/* End XCBuildConfiguration section */

/* Begin XCConfigurationList section */
		DA9A36A615E151AB00F6C608 /* Build configuration list for PBXProject "MailCount" */ = {
			isa = XCConfigurationList;
			buildConfigurations = (
				DA9A36DC15E151AB00F6C608 /* Debug */,
				DA9A36DD15E151AB00F6C608 /* Release */,
			);
			defaultConfigurationIsVisible = 0;
			defaultConfigurationName = Release;
		};
		DA9A36DE15E151AB00F6C608 /* Build configuration list for PBXNativeTarget "MailCount" */ = {
			isa = XCConfigurationList;
			buildConfigurations = (
				DA9A36DF15E151AB00F6C608 /* Debug */,
				DA9A36E015E151AB00F6C608 /* Release */,
			);
			defaultConfigurationIsVisible = 0;
			defaultConfigurationName = Release;
		};
/* End XCConfigurationList section */
	};
	rootObject = DA9A36A315E151AB00F6C608 /* Project object */;
}
